
Microsoft Visual Studio Solution File, Format Version 12.00
# Visual Studio Version 16
VisualStudioVersion = 16.0.29728.190
MinimumVisualStudioVersion = 10.0.40219.1
Project("{FAE04EC0-301F-11D3-BF4B-00C04F79EFBC}") = "AssemblyDemo2", "AssemblyDemo2.csproj", "{8A22507A-0FDD-40C3-8EF1-888CC0109325}"
EndProject
Global
	GlobalSection(SolutionConfigurationPlatforms) = preSolution
		Debug|Any CPU = Debug|Any CPU
		Release|Any CPU = Release|Any CPU
	EndGlobalSection
	GlobalSection(ProjectConfigurationPlatforms) = postSolution
		{8A22507A-0FDD-40C3-8EF1-888CC0109325}.Debug|Any CPU.ActiveCfg = Debug|Any CPU
		{8A22507A-0FDD-40C3-8EF1-888CC0109325}.Debug|Any CPU.Build.0 = Debug|Any CPU
		{8A22507A-0FDD-40C3-8EF1-888CC0109325}.Release|Any CPU.ActiveCfg = Release|Any CPU
		{8A22507A-0FDD-40C3-8EF1-888CC0109325}.Release|Any CPU.Build.0 = Release|Any CPU
	EndGlobalSection
	GlobalSection(SolutionProperties) = preSolution
		HideSolutionNode = FALSE
	EndGlobalSection
	GlobalSection(ExtensibilityGlobals) = postSolution
		SolutionGuid = {C4E7FC0F-86D2-4AAF-9697-100A78B5F1E7}
	EndGlobalSection
EndGlobal
